
Microsoft Visual Studio Solution File, Format Version 12.00
# Visual Studio Version 17
VisualStudioVersion = 17.14.36930.0 d17.14
MinimumVisualStudioVersion = 10.0.40219.1
Project("{FAE04EC0-301F-11D3-BF4B-00C04F79EFBC}") = "EBYS", "EBYS\EBYS.csproj", "{95B7FD58-2A87-4716-B158-7279AC421401}"
EndProject
Global
	GlobalSection(SolutionConfigurationPlatforms) = preSolution
		Debug|Any CPU = Debug|Any CPU
		Release|Any CPU = Release|Any CPU
	EndGlobalSection
	GlobalSection(ProjectConfigurationPlatforms) = postSolution
		{95B7FD58-2A87-4716-B158-7279AC421401}.Debug|Any CPU.ActiveCfg = Debug|Any CPU
		{95B7FD58-2A87-4716-B158-7279AC421401}.Debug|Any CPU.Build.0 = Debug|Any CPU
		{95B7FD58-2A87-4716-B158-7279AC421401}.Release|Any CPU.ActiveCfg = Release|Any CPU
		{95B7FD58-2A87-4716-B158-7279AC421401}.Release|Any CPU.Build.0 = Release|Any CPU
	EndGlobalSection
	GlobalSection(SolutionProperties) = preSolution
		HideSolutionNode = FALSE
	EndGlobalSection
	GlobalSection(ExtensibilityGlobals) = postSolution
		SolutionGuid = {B0F37942-C6B9-4010-9A5E-B28CED2405CE}
	EndGlobalSection
EndGlobal
